{
  "version": 4,
  "terraform_version": "1.11.1",
  "serial": 91,
  "lineage": "eca31391-54ee-7aff-e179-48ba39b9d849",
  "outputs": {},
  "resources": [
    {
      "mode": "managed",
      "type": "google_sql_database_instance",
      "name": "trading_ai",
      "provider": "provider[\"registry.terraform.io/hashicorp/google\"]",
      "instances": [
        {
          "schema_version": 0,
          "attributes": {
            "available_maintenance_versions": [],
            "clone": [],
            "connection_name": "trading90:us-central1:trading-ai-db",
            "database_version": "POSTGRES_13",
            "deletion_protection": true,
            "dns_name": "",
            "encryption_key_name": null,
            "first_ip_address": "34.136.94.151",
            "id": "trading-ai-db",
            "instance_type": "CLOUD_SQL_INSTANCE",
            "ip_address": [
              {
                "ip_address": "34.136.94.151",
                "time_to_retire": "",
                "type": "PRIMARY"
              },
              {
                "ip_address": "34.45.82.182",
                "time_to_retire": "",
                "type": "OUTGOING"
              }
            ],
            "maintenance_version": "POSTGRES_13_20.R20250112.01_14",
            "master_instance_name": "",
            "name": "trading-ai-db",
            "private_ip_address": "",
            "project": "trading90",
            "psc_service_attachment_link": "",
            "public_ip_address": "34.136.94.151",
            "region": "us-central1",
            "replica_configuration": [],
            "restore_backup_context": [],
            "root_password": null,
            "self_link": "https://sqladmin.googleapis.com/sql/v1beta4/projects/trading90/instances/trading-ai-db",
            "server_ca_cert": [
              {
                "cert": "-----BEGIN CERTIFICATE-----\nMIIDfzCCAmegAwIBAgIBADANBgkqhkiG9w0BAQsFADB3MS0wKwYDVQQuEyRiOTRk\nMjVjNy04YmYzLTQyYWEtYmIwNS05NDUzMmE2MjA5N2MxIzAhBgNVBAMTGkdvb2ds\nZSBDbG91ZCBTUUwgU2VydmVyIENBMRQwEgYDVQQKEwtHb29nbGUsIEluYzELMAkG\nA1UEBhMCVVMwHhcNMjUwMzA4MTY0NjU2WhcNMzUwMzA2MTY0NzU2WjB3MS0wKwYD\nVQQuEyRiOTRkMjVjNy04YmYzLTQyYWEtYmIwNS05NDUzMmE2MjA5N2MxIzAhBgNV\nBAMTGkdvb2dsZSBDbG91ZCBTUUwgU2VydmVyIENBMRQwEgYDVQQKEwtHb29nbGUs\nIEluYzELMAkGA1UEBhMCVVMwggEiMA0GCSqGSIb3DQEBAQUAA4IBDwAwggEKAoIB\nAQC7w8u4GYuz+Y9z/aLgqzNOywyRn3lH6I5WFIvSioUNcG1Xb8/kmr1JThLdW4MR\nmL/RsKoT2mxG1Xc+UK2k/PFkk83WbfXyYdhbm2QnjI1tDl6+Kj8ZXfI2KBx4iu7I\nkhpDSu9b1rK28ljxAlg4j2KyAym3oPZ2AdTtECclzt/I3UmVWncKHrIGbjHZxSkj\nG00bXFwo43IIkPyKm9oQjw0bG5ZWkWvnEjnDI/OKGk2DqHxrcMobiLUeVecnXJlE\n5q+Jhb09YTlT9xCkdjNpV6ABAG2hwOUUQc75PplDQS7Z15a+iUuqGLkP8bZbkg81\nsIVWFL+RM7aW8XbwVRJSfyT1AgMBAAGjFjAUMBIGA1UdEwEB/wQIMAYBAf8CAQAw\nDQYJKoZIhvcNAQELBQADggEBAJaBqvU/N+2K/9UUssA3nn7MQ2aRr9kzIHcjX5UI\nSSKOl3okbFbnzzhBQgO0dgyDi9dVa1LTv48hyXewYe1R7I6815u3fehht4WDxu4W\ndpMcsMQVXrWiaPltqAHK4vSeBlM/3QCuD8Mn3Zmtpv3u2SVYRc9St3deUBwg70/6\nLyoF0xU/bBEyAyox0X98RAEKbmRbzs2erwMFTNBG2BmcyOglHhQXDik3aOPzTASG\nlEaZJLXJtIfLhssFHUr7o0IditpSofcweD5nDo+4atW1If5JVL+T2MzOlQSECgIR\n6XzX3s9YVM2e/roBftnKSxCgmzarLTYeZDYBxMUmGJPLsX0=\n-----END CERTIFICATE-----",
                "common_name": "C=US,O=Google\\, Inc,CN=Google Cloud SQL Server CA,dnQualifier=b94d25c7-8bf3-42aa-bb05-94532a62097c",
                "create_time": "2025-03-08T16:46:56.522Z",
                "expiration_time": "2035-03-06T16:47:56.522Z",
                "sha1_fingerprint": "975b94d58e49a06ce518b848260d668f2e475092"
              }
            ],
            "service_account_email_address": "p945635315103-mynbrf@gcp-sa-cloud-sql.iam.gserviceaccount.com",
            "settings": [
              {
                "activation_policy": "ALWAYS",
                "active_directory_config": [],
                "advanced_machine_features": [],
                "availability_type": "ZONAL",
                "backup_configuration": [
                  {
                    "backup_retention_settings": [
                      {
                        "retained_backups": 7,
                        "retention_unit": "COUNT"
                      }
                    ],
                    "binary_log_enabled": false,
                    "enabled": false,
                    "location": "",
                    "point_in_time_recovery_enabled": false,
                    "start_time": "14:00",
                    "transaction_log_retention_days": 7
                  }
                ],
                "collation": "",
                "connector_enforcement": "NOT_REQUIRED",
                "data_cache_config": [],
                "database_flags": [],
                "deletion_protection_enabled": false,
                "deny_maintenance_period": [],
                "disk_autoresize": true,
                "disk_autoresize_limit": 0,
                "disk_size": 10,
                "disk_type": "PD_SSD",
                "edition": "",
                "insights_config": [],
                "ip_configuration": [
                  {
                    "allocated_ip_range": "",
                    "authorized_networks": [],
                    "enable_private_path_for_google_cloud_services": false,
                    "ipv4_enabled": true,
                    "private_network": "",
                    "psc_config": [],
                    "require_ssl": false
                  }
                ],
                "location_preference": [
                  {
                    "follow_gae_application": "",
                    "secondary_zone": "",
                    "zone": "us-central1-c"
                  }
                ],
                "maintenance_window": [],
                "password_validation_policy": [],
                "pricing_plan": "PER_USE",
                "sql_server_audit_config": [],
                "tier": "db-f1-micro",
                "time_zone": "",
                "user_labels": {},
                "version": 2
              }
            ],
            "timeouts": null
          },
          "sensitive_attributes": [
            [
              {
                "type": "get_attr",
                "value": "root_password"
              }
            ]
          ],
          "private": "eyJlMmJmYjczMC1lY2FhLTExZTYtOGY4OC0zNDM2M2JjN2M0YzAiOnsiY3JlYXRlIjoyNDAwMDAwMDAwMDAwLCJkZWxldGUiOjE4MDAwMDAwMDAwMDAsInVwZGF0ZSI6MTgwMDAwMDAwMDAwMH19"
        }
      ]
    }
  ],
  "check_results": null
}
