{
  "version": 4,
  "terraform_version": "1.11.1",
  "serial": 11,
  "lineage": "470f47bd-d8fa-5182-9e7c-59464648bf92",
  "outputs": {
    "storage_bucket_name": {
      "value": "trading90-trading-ai-bucket",
      "type": "string"
    }
  },
  "resources": [
    {
      "mode": "managed",
      "type": "google_storage_bucket",
      "name": "trading_ai",
      "provider": "provider[\"registry.terraform.io/hashicorp/google\"]",
      "instances": [
        {
          "schema_version": 0,
          "attributes": {
            "autoclass": [],
            "cors": [],
            "custom_placement_config": [],
            "default_event_based_hold": false,
            "encryption": [],
            "force_destroy": false,
            "id": "trading90-trading-ai-bucket",
            "labels": {},
            "lifecycle_rule": [],
            "location": "US-CENTRAL1",
            "logging": [],
            "name": "trading90-trading-ai-bucket",
            "project": "trading90",
            "public_access_prevention": "inherited",
            "requester_pays": false,
            "retention_policy": [],
            "self_link": "https://www.googleapis.com/storage/v1/b/trading90-trading-ai-bucket",
            "soft_delete_policy": [
              {
                "effective_time": "2025-03-08T23:48:41.657Z",
                "retention_duration_seconds": 604800
              }
            ],
            "storage_class": "STANDARD",
            "timeouts": null,
            "uniform_bucket_level_access": false,
            "url": "gs://trading90-trading-ai-bucket",
            "versioning": [],
            "website": []
          },
          "sensitive_attributes": [],
          "private": "eyJlMmJmYjczMC1lY2FhLTExZTYtOGY4OC0zNDM2M2JjN2M0YzAiOnsiY3JlYXRlIjo2MDAwMDAwMDAwMDAsInJlYWQiOjI0MDAwMDAwMDAwMCwidXBkYXRlIjoyNDAwMDAwMDAwMDB9fQ=="
        }
      ]
    },
    {
      "module": "module.cloud_run",
      "mode": "managed",
      "type": "google_cloud_run_service",
      "name": "trading_ai",
      "provider": "provider[\"registry.terraform.io/hashicorp/google\"]",
      "instances": [
        {
          "status": "tainted",
          "schema_version": 1,
          "attributes": {
            "autogenerate_revision_name": false,
            "id": "locations/us-central1/namespaces/trading90/services/trading-ai-service",
            "location": "us-central1",
            "metadata": null,
            "name": "trading-ai-service",
            "project": "trading90",
            "status": null,
            "template": [
              {
                "metadata": [],
                "spec": [
                  {
                    "container_concurrency": 0,
                    "containers": [
                      {
                        "args": null,
                        "command": null,
                        "env": [],
                        "env_from": [],
                        "image": "gcr.io/trading90/trading-ai-service",
                        "liveness_probe": [],
                        "name": "",
                        "ports": [],
                        "resources": [],
                        "startup_probe": [],
                        "volume_mounts": [],
                        "working_dir": ""
                      }
                    ],
                    "service_account_name": "",
                    "serving_state": "",
                    "timeout_seconds": 0,
                    "volumes": []
                  }
                ]
              }
            ],
            "timeouts": null,
            "traffic": [
              {
                "latest_revision": true,
                "percent": 100,
                "revision_name": "",
                "tag": "",
                "url": ""
              }
            ]
          },
          "sensitive_attributes": [],
          "private": "eyJlMmJmYjczMC1lY2FhLTExZTYtOGY4OC0zNDM2M2JjN2M0YzAiOnsiY3JlYXRlIjoxMjAwMDAwMDAwMDAwLCJkZWxldGUiOjEyMDAwMDAwMDAwMDAsInVwZGF0ZSI6MTIwMDAwMDAwMDAwMH0sInNjaGVtYV92ZXJzaW9uIjoiMSJ9"
        }
      ]
    },
    {
      "module": "module.sql_database",
      "mode": "managed",
      "type": "google_sql_database",
      "name": "trading_ai_db",
      "provider": "provider[\"registry.terraform.io/hashicorp/google\"]",
      "instances": [
        {
          "schema_version": 0,
          "attributes": {
            "charset": "UTF8",
            "collation": "en_US.UTF8",
            "deletion_policy": "DELETE",
            "id": "projects/trading90/instances/trading-ai-db/databases/trading_ai_data",
            "instance": "trading-ai-db",
            "name": "trading_ai_data",
            "project": "trading90",
            "self_link": "https://sqladmin.googleapis.com/sql/v1beta4/projects/trading90/instances/trading-ai-db/databases/trading_ai_data",
            "timeouts": null
          },
          "sensitive_attributes": [],
          "private": "eyJlMmJmYjczMC1lY2FhLTExZTYtOGY4OC0zNDM2M2JjN2M0YzAiOnsiY3JlYXRlIjoxMjAwMDAwMDAwMDAwLCJkZWxldGUiOjEyMDAwMDAwMDAwMDAsInVwZGF0ZSI6MTIwMDAwMDAwMDAwMH19",
          "dependencies": [
            "module.sql_database.google_sql_database_instance.trading_ai"
          ]
        }
      ]
    },
    {
      "module": "module.sql_database",
      "mode": "managed",
      "type": "google_sql_database_instance",
      "name": "trading_ai",
      "provider": "provider[\"registry.terraform.io/hashicorp/google\"]",
      "instances": [
        {
          "schema_version": 0,
          "attributes": {
            "available_maintenance_versions": [],
            "clone": [],
            "connection_name": "trading90:us-central1:trading-ai-db",
            "database_version": "POSTGRES_13",
            "deletion_protection": false,
            "dns_name": "",
            "encryption_key_name": null,
            "first_ip_address": "34.70.226.200",
            "id": "trading-ai-db",
            "instance_type": "CLOUD_SQL_INSTANCE",
            "ip_address": [
              {
                "ip_address": "34.70.226.200",
                "time_to_retire": "",
                "type": "PRIMARY"
              },
              {
                "ip_address": "34.45.82.182",
                "time_to_retire": "",
                "type": "OUTGOING"
              }
            ],
            "maintenance_version": "POSTGRES_13_20.R20250112.01_14",
            "master_instance_name": "",
            "name": "trading-ai-db",
            "private_ip_address": "",
            "project": "trading90",
            "psc_service_attachment_link": "",
            "public_ip_address": "34.70.226.200",
            "region": "us-central1",
            "replica_configuration": [],
            "restore_backup_context": [],
            "root_password": null,
            "self_link": "https://sqladmin.googleapis.com/sql/v1beta4/projects/trading90/instances/trading-ai-db",
            "server_ca_cert": [
              {
                "cert": "-----BEGIN CERTIFICATE-----\nMIIDfzCCAmegAwIBAgIBADANBgkqhkiG9w0BAQsFADB3MS0wKwYDVQQuEyQ2NDFm\nNTlmMi05YmI5LTQxNTgtOTIxZi04NTc3ZjhkMmQ0YjExIzAhBgNVBAMTGkdvb2ds\nZSBDbG91ZCBTUUwgU2VydmVyIENBMRQwEgYDVQQKEwtHb29nbGUsIEluYzELMAkG\nA1UEBhMCVVMwHhcNMjUwMzA4MjM0ODI5WhcNMzUwMzA2MjM0OTI5WjB3MS0wKwYD\nVQQuEyQ2NDFmNTlmMi05YmI5LTQxNTgtOTIxZi04NTc3ZjhkMmQ0YjExIzAhBgNV\nBAMTGkdvb2dsZSBDbG91ZCBTUUwgU2VydmVyIENBMRQwEgYDVQQKEwtHb29nbGUs\nIEluYzELMAkGA1UEBhMCVVMwggEiMA0GCSqGSIb3DQEBAQUAA4IBDwAwggEKAoIB\nAQDHeQkHkq72YosXsIabRbiYTxnfWcQDKtB/P8Gv6oqDZr5HFdJKV5JMEMEQyxkn\nNZQY8DmhQzODrt4+xAz2QtrUNZpziEnuFkvmg/UoS+LvqCxE499u2GrleYQUpHmY\n1aX9mnNJhBnoeMLpmQOUUYTx/+yKETKnEvxuhqJpz7Z3deJOvi3MLwDEyvzScIBg\nDl3R8wk+/bx/wh3nRMiMFvPExDXpr4iYtXX3lbm0QJMbnA5ciwyyI/WDRv6eEKYl\n3cQLZdhE5jLUULPpjmPXuf7imFXtcwnxfR+BfYSBIj6wrmt8Z5tUZn3UW5pF5FGg\nod8ed8NfRKkvqFYCIxMqf86ZAgMBAAGjFjAUMBIGA1UdEwEB/wQIMAYBAf8CAQAw\nDQYJKoZIhvcNAQELBQADggEBAKK0E7hFDhcNCFELwd2KvH/PJPxzpH6xBzMauM7k\nYytf2Wy78r3048bDVBIimciM/Aufi4diITO/ZLAk7PLSdNfvov4gS1h4n1b/CcQq\nuLFMon3eZ+M2tVMapZwdGuNfi8mQ23xpra9MVbVGMFq141ZhtwNKJoI/zM7zIj+p\nXCEIezkZVpPfGiaE5MlklUoF2uGMfZzhx8fiRVNdPu9fNzsO3es3GZJNANohqZl7\nPWvdvEv25iG80UMQBQNRlUhWBVlTuziHEiNrizD0X4yvmoFUoGt4eztvr7XvJsNw\nlcXfawaGob+eEYZBLHKjFFPyZ57nDBjiXeHnwYWYHEnnCXw=\n-----END CERTIFICATE-----",
                "common_name": "C=US,O=Google\\, Inc,CN=Google Cloud SQL Server CA,dnQualifier=641f59f2-9bb9-4158-921f-8577f8d2d4b1",
                "create_time": "2025-03-08T23:48:29.875Z",
                "expiration_time": "2035-03-06T23:49:29.875Z",
                "sha1_fingerprint": "545e1dd533e539c325ff149aadfa21c52b2f937c"
              }
            ],
            "service_account_email_address": "p945635315103-rhq26j@gcp-sa-cloud-sql.iam.gserviceaccount.com",
            "settings": [
              {
                "activation_policy": "ALWAYS",
                "active_directory_config": [],
                "advanced_machine_features": [],
                "availability_type": "ZONAL",
                "backup_configuration": [
                  {
                    "backup_retention_settings": [
                      {
                        "retained_backups": 7,
                        "retention_unit": "COUNT"
                      }
                    ],
                    "binary_log_enabled": false,
                    "enabled": false,
                    "location": "",
                    "point_in_time_recovery_enabled": false,
                    "start_time": "15:00",
                    "transaction_log_retention_days": 7
                  }
                ],
                "collation": "",
                "connector_enforcement": "NOT_REQUIRED",
                "data_cache_config": [],
                "database_flags": [],
                "deletion_protection_enabled": false,
                "deny_maintenance_period": [],
                "disk_autoresize": true,
                "disk_autoresize_limit": 0,
                "disk_size": 10,
                "disk_type": "PD_SSD",
                "edition": "",
                "insights_config": [],
                "ip_configuration": [
                  {
                    "allocated_ip_range": "",
                    "authorized_networks": [],
                    "enable_private_path_for_google_cloud_services": false,
                    "ipv4_enabled": true,
                    "private_network": "",
                    "psc_config": [],
                    "require_ssl": false
                  }
                ],
                "location_preference": [
                  {
                    "follow_gae_application": "",
                    "secondary_zone": "",
                    "zone": "us-central1-c"
                  }
                ],
                "maintenance_window": [],
                "password_validation_policy": [],
                "pricing_plan": "PER_USE",
                "sql_server_audit_config": [],
                "tier": "db-f1-micro",
                "time_zone": "",
                "user_labels": {},
                "version": 1
              }
            ],
            "timeouts": null
          },
          "sensitive_attributes": [
            [
              {
                "type": "get_attr",
                "value": "root_password"
              }
            ]
          ],
          "private": "eyJlMmJmYjczMC1lY2FhLTExZTYtOGY4OC0zNDM2M2JjN2M0YzAiOnsiY3JlYXRlIjoyNDAwMDAwMDAwMDAwLCJkZWxldGUiOjE4MDAwMDAwMDAwMDAsInVwZGF0ZSI6MTgwMDAwMDAwMDAwMH19"
        }
      ]
    },
    {
      "module": "module.sql_database",
      "mode": "managed",
      "type": "google_sql_user",
      "name": "trading_ai_user",
      "provider": "provider[\"registry.terraform.io/hashicorp/google\"]",
      "instances": [
        {
          "schema_version": 1,
          "attributes": {
            "deletion_policy": null,
            "host": "",
            "id": "trading_ai_user//trading-ai-db",
            "instance": "trading-ai-db",
            "name": "trading_ai_user",
            "password": "SuperSecurePassword",
            "password_policy": [],
            "project": "trading90",
            "sql_server_user_details": [],
            "timeouts": null,
            "type": ""
          },
          "sensitive_attributes": [
            [
              {
                "type": "get_attr",
                "value": "password"
              }
            ]
          ],
          "private": "eyJlMmJmYjczMC1lY2FhLTExZTYtOGY4OC0zNDM2M2JjN2M0YzAiOnsiY3JlYXRlIjo2MDAwMDAwMDAwMDAsImRlbGV0ZSI6NjAwMDAwMDAwMDAwLCJ1cGRhdGUiOjYwMDAwMDAwMDAwMH0sInNjaGVtYV92ZXJzaW9uIjoiMSJ9",
          "dependencies": [
            "module.sql_database.google_sql_database_instance.trading_ai"
          ]
        }
      ]
    }
  ],
  "check_results": null
}
