{
  "version": 4,
  "terraform_version": "1.11.1",
  "serial": 19,
  "lineage": "470f47bd-d8fa-5182-9e7c-59464648bf92",
  "outputs": {
    "database_instance_connection": {
      "value": "trading90:us-central1:trading-ai-db",
      "type": "string"
    },
    "database_public_ip": {
      "value": "34.134.151.142",
      "type": "string"
    },
    "storage_bucket_name": {
      "value": "trading90-trading-ai-bucket",
      "type": "string"
    }
  },
  "resources": [
    {
      "module": "module.sql_database",
      "mode": "managed",
      "type": "google_sql_database",
      "name": "trading_ai_db",
      "provider": "provider[\"registry.terraform.io/hashicorp/google\"]",
      "instances": [
        {
          "schema_version": 0,
          "attributes": {
            "charset": "UTF8",
            "collation": "en_US.UTF8",
            "deletion_policy": "DELETE",
            "id": "projects/trading90/instances/trading-ai-db/databases/trading_ai_data",
            "instance": "trading-ai-db",
            "name": "trading_ai_data",
            "project": "trading90",
            "self_link": "https://sqladmin.googleapis.com/sql/v1beta4/projects/trading90/instances/trading-ai-db/databases/trading_ai_data",
            "timeouts": null
          },
          "sensitive_attributes": [],
          "private": "eyJlMmJmYjczMC1lY2FhLTExZTYtOGY4OC0zNDM2M2JjN2M0YzAiOnsiY3JlYXRlIjoxMjAwMDAwMDAwMDAwLCJkZWxldGUiOjEyMDAwMDAwMDAwMDAsInVwZGF0ZSI6MTIwMDAwMDAwMDAwMH19",
          "dependencies": [
            "module.sql_database.google_sql_database_instance.trading_ai"
          ]
        }
      ]
    },
    {
      "module": "module.sql_database",
      "mode": "managed",
      "type": "google_sql_database_instance",
      "name": "trading_ai",
      "provider": "provider[\"registry.terraform.io/hashicorp/google\"]",
      "instances": [
        {
          "schema_version": 0,
          "attributes": {
            "available_maintenance_versions": [],
            "clone": [],
            "connection_name": "trading90:us-central1:trading-ai-db",
            "database_version": "POSTGRES_13",
            "deletion_protection": false,
            "dns_name": "",
            "encryption_key_name": null,
            "first_ip_address": "34.134.151.142",
            "id": "trading-ai-db",
            "instance_type": "CLOUD_SQL_INSTANCE",
            "ip_address": [
              {
                "ip_address": "34.134.151.142",
                "time_to_retire": "",
                "type": "PRIMARY"
              },
              {
                "ip_address": "34.55.16.143",
                "time_to_retire": "",
                "type": "OUTGOING"
              }
            ],
            "maintenance_version": "POSTGRES_13_20.R20250112.01_14",
            "master_instance_name": "",
            "name": "trading-ai-db",
            "private_ip_address": "",
            "project": "trading90",
            "psc_service_attachment_link": "",
            "public_ip_address": "34.134.151.142",
            "region": "us-central1",
            "replica_configuration": [],
            "restore_backup_context": [],
            "root_password": null,
            "self_link": "https://sqladmin.googleapis.com/sql/v1beta4/projects/trading90/instances/trading-ai-db",
            "server_ca_cert": [
              {
                "cert": "-----BEGIN CERTIFICATE-----\nMIIDfzCCAmegAwIBAgIBADANBgkqhkiG9w0BAQsFADB3MS0wKwYDVQQuEyQ0ZTA3\nMjJlZi1mNzY3LTQ1NjctYTNhZi05MDdmOGM4MGFjMTAxIzAhBgNVBAMTGkdvb2ds\nZSBDbG91ZCBTUUwgU2VydmVyIENBMRQwEgYDVQQKEwtHb29nbGUsIEluYzELMAkG\nA1UEBhMCVVMwHhcNMjUwMzA5MTIwOTM2WhcNMzUwMzA3MTIxMDM2WjB3MS0wKwYD\nVQQuEyQ0ZTA3MjJlZi1mNzY3LTQ1NjctYTNhZi05MDdmOGM4MGFjMTAxIzAhBgNV\nBAMTGkdvb2dsZSBDbG91ZCBTUUwgU2VydmVyIENBMRQwEgYDVQQKEwtHb29nbGUs\nIEluYzELMAkGA1UEBhMCVVMwggEiMA0GCSqGSIb3DQEBAQUAA4IBDwAwggEKAoIB\nAQC4pNMNgrU3R8ZIPT33P94K0xZJclhG9dd5cYAwnTecJVioWmcnGZnyHi+MdJ7b\nnodm+n9l7qQKMq1hQyLnkRz3GUQbkWBUulN2/voA6JYHBz2aS0JmckiCmZykDM4q\nCEdk/7FZ5XMy7czmkVBwh75R+eR2X06Von2Xe9V100cJ007uPFSkT0EvQC13uiBg\n61+LxYhGUB+aC4IIwsB1MelxjbnheUYvbKt+CBjIYQm3744jOLLzCVjftWFZOdMQ\nzoz2ADLn/h8z6j4JLchiwfuayF3a+waBdDy5vfbsPmJHG2Rz8Xf2pv31yFhAvh9a\nEP0KoALT+GLVJb3IeUhpvttrAgMBAAGjFjAUMBIGA1UdEwEB/wQIMAYBAf8CAQAw\nDQYJKoZIhvcNAQELBQADggEBABMF3cOARl/cc2qVU6t1nhxO3JLXQRYC4WmQ2zeX\nPy2xFaT1Q7MhSTWcZImfDm1S7UOmFFa2NFkw9F+0JsAZoJHdKbYZO/i5EDEDq1eO\nvCmq4rAZz6OI2o4DRyIvTabsHCB0iHcG4loLRUmet6LD1HkYAwhgqNo/YfMskgI8\n2SQLF7HVc2WOKTRwgVZQvZANHNMMPOeGxhvDbA4GPFmTruwdUwDiC3P3hwRc+5oS\nLZ3zXrXoRw1rf26lmFiQcX0y+T9d2nQTKSlshatMyN4vwAgTmGELEXTIfqTQMXG+\n4PKWq2crDsQQSx8uRUWqEr7NDBcBs8C5NTStSTqnS6aWIqA=\n-----END CERTIFICATE-----",
                "common_name": "C=US,O=Google\\, Inc,CN=Google Cloud SQL Server CA,dnQualifier=4e0722ef-f767-4567-a3af-907f8c80ac10",
                "create_time": "2025-03-09T12:09:36.758Z",
                "expiration_time": "2035-03-07T12:10:36.758Z",
                "sha1_fingerprint": "0470c8f2bcf88cac805d02674c539e335fae767d"
              }
            ],
            "service_account_email_address": "p945635315103-zv460j@gcp-sa-cloud-sql.iam.gserviceaccount.com",
            "settings": [
              {
                "activation_policy": "ALWAYS",
                "active_directory_config": [],
                "advanced_machine_features": [],
                "availability_type": "ZONAL",
                "backup_configuration": [
                  {
                    "backup_retention_settings": [
                      {
                        "retained_backups": 7,
                        "retention_unit": "COUNT"
                      }
                    ],
                    "binary_log_enabled": false,
                    "enabled": false,
                    "location": "",
                    "point_in_time_recovery_enabled": false,
                    "start_time": "06:00",
                    "transaction_log_retention_days": 7
                  }
                ],
                "collation": "",
                "connector_enforcement": "NOT_REQUIRED",
                "data_cache_config": [],
                "database_flags": [],
                "deletion_protection_enabled": false,
                "deny_maintenance_period": [],
                "disk_autoresize": true,
                "disk_autoresize_limit": 0,
                "disk_size": 10,
                "disk_type": "PD_SSD",
                "edition": "",
                "insights_config": [],
                "ip_configuration": [
                  {
                    "allocated_ip_range": "",
                    "authorized_networks": [],
                    "enable_private_path_for_google_cloud_services": false,
                    "ipv4_enabled": true,
                    "private_network": "",
                    "psc_config": [],
                    "require_ssl": false
                  }
                ],
                "location_preference": [
                  {
                    "follow_gae_application": "",
                    "secondary_zone": "",
                    "zone": "us-central1-c"
                  }
                ],
                "maintenance_window": [],
                "password_validation_policy": [],
                "pricing_plan": "PER_USE",
                "sql_server_audit_config": [],
                "tier": "db-f1-micro",
                "time_zone": "",
                "user_labels": {},
                "version": 1
              }
            ],
            "timeouts": null
          },
          "sensitive_attributes": [
            [
              {
                "type": "get_attr",
                "value": "root_password"
              }
            ]
          ],
          "private": "eyJlMmJmYjczMC1lY2FhLTExZTYtOGY4OC0zNDM2M2JjN2M0YzAiOnsiY3JlYXRlIjoyNDAwMDAwMDAwMDAwLCJkZWxldGUiOjE4MDAwMDAwMDAwMDAsInVwZGF0ZSI6MTgwMDAwMDAwMDAwMH19"
        }
      ]
    },
    {
      "module": "module.sql_database",
      "mode": "managed",
      "type": "google_sql_user",
      "name": "trading_ai_user",
      "provider": "provider[\"registry.terraform.io/hashicorp/google\"]",
      "instances": [
        {
          "schema_version": 1,
          "attributes": {
            "deletion_policy": null,
            "host": "",
            "id": "trading_ai_user//trading-ai-db",
            "instance": "trading-ai-db",
            "name": "trading_ai_user",
            "password": "flbvlaDonastaineR2020!$",
            "password_policy": [],
            "project": "trading90",
            "sql_server_user_details": [],
            "timeouts": null,
            "type": ""
          },
          "sensitive_attributes": [
            [
              {
                "type": "get_attr",
                "value": "password"
              }
            ]
          ],
          "private": "eyJlMmJmYjczMC1lY2FhLTExZTYtOGY4OC0zNDM2M2JjN2M0YzAiOnsiY3JlYXRlIjo2MDAwMDAwMDAwMDAsImRlbGV0ZSI6NjAwMDAwMDAwMDAwLCJ1cGRhdGUiOjYwMDAwMDAwMDAwMH0sInNjaGVtYV92ZXJzaW9uIjoiMSJ9",
          "dependencies": [
            "module.sql_database.google_sql_database_instance.trading_ai"
          ]
        }
      ]
    },
    {
      "module": "module.storage",
      "mode": "managed",
      "type": "google_storage_bucket",
      "name": "trading_ai",
      "provider": "provider[\"registry.terraform.io/hashicorp/google\"]",
      "instances": [
        {
          "schema_version": 0,
          "attributes": {
            "autoclass": [],
            "cors": [],
            "custom_placement_config": [],
            "default_event_based_hold": false,
            "encryption": [],
            "force_destroy": true,
            "id": "trading90-trading-ai-bucket",
            "labels": {},
            "lifecycle_rule": [
              {
                "action": [
                  {
                    "storage_class": "",
                    "type": "Delete"
                  }
                ],
                "condition": [
                  {
                    "age": 365,
                    "created_before": "",
                    "custom_time_before": "",
                    "days_since_custom_time": 0,
                    "days_since_noncurrent_time": 0,
                    "matches_prefix": [],
                    "matches_storage_class": [],
                    "matches_suffix": [],
                    "noncurrent_time_before": "",
                    "num_newer_versions": 0,
                    "with_state": "ANY"
                  }
                ]
              }
            ],
            "location": "US-CENTRAL1",
            "logging": [],
            "name": "trading90-trading-ai-bucket",
            "project": "trading90",
            "public_access_prevention": "inherited",
            "requester_pays": false,
            "retention_policy": [],
            "self_link": "https://www.googleapis.com/storage/v1/b/trading90-trading-ai-bucket",
            "soft_delete_policy": [
              {
                "effective_time": "2025-03-09T12:09:48.179Z",
                "retention_duration_seconds": 604800
              }
            ],
            "storage_class": "STANDARD",
            "timeouts": null,
            "uniform_bucket_level_access": true,
            "url": "gs://trading90-trading-ai-bucket",
            "versioning": [],
            "website": []
          },
          "sensitive_attributes": [],
          "private": "eyJlMmJmYjczMC1lY2FhLTExZTYtOGY4OC0zNDM2M2JjN2M0YzAiOnsiY3JlYXRlIjo2MDAwMDAwMDAwMDAsInJlYWQiOjI0MDAwMDAwMDAwMCwidXBkYXRlIjoyNDAwMDAwMDAwMDB9fQ=="
        }
      ]
    }
  ],
  "check_results": null
}
